github.com/midbel/slices v0.2.1 h1:UHCBsx80w9+mzfaZyd8hlskKhUi6ncxHBOrpAVgL5e4=
github.com/midbel/slices v0.2.1/go.mod h1:uKstGBCfyQnPPr776jKPo/NMWpiJjYx463lANVMYSgk=
github.com/midbel/svg v0.2.0 h1:L1GVt74ijoIoxgbXOOnHRn6MiBAA3ZuSIVvvJT1e5Wk=
github.com/midbel/svg v0.2.0/go.mod h1:ueDRRhBKKcbIBX9GIsCQG+fZOrZLKmwV0eu5zu50BL4=
