github.com/midbel/shlex v0.2.2 h1:UdA75UmVqRvolcWfpzPIp6YVXFQdLXKRLb4w5nMKtGY=
github.com/midbel/shlex v0.2.2/go.mod h1:AN3Oxs3u28J06GaDWOGYu+OX/hLTyWg9C8gj9cHy18w=
github.com/midbel/slices v0.4.0 h1:6APc79DW8lUzmDIJbk602EPI9k9f+4VG6SBGkcu+vfA=
github.com/midbel/slices v0.4.0/go.mod h1:uKstGBCfyQnPPr776jKPo/NMWpiJjYx463lANVMYSgk=
github.com/midbel/slug v0.1.0 h1:Suvs2CZXWpEr0rawMIspkVgp9Qeqikjwjr/VkQA3DVk=
github.com/midbel/slug v0.1.0/go.mod h1:USdjWfQ1zAFPZEE2HiJLPx2Gs6FhPDsrYd2Vyv3plVU=
github.com/midbel/svg v0.2.1 h1:yq1KapwEFHsn2Ekf3oO2h081JPJpVuWVf8SKZGU3hXg=
github.com/midbel/svg v0.2.1/go.mod h1:ueDRRhBKKcbIBX9GIsCQG+fZOrZLKmwV0eu5zu50BL4=
